
Microsoft Visual Studio Solution File, Format Version 12.00
# Visual Studio 2013
VisualStudioVersion = 12.0.21005.1
MinimumVisualStudioVersion = 10.0.40219.1
Project("{8BC9CEB8-8B4A-11D0-8D11-00A0C91BC942}") = "SRM 144 DIV 2 Level One (250)", "TimeStatement\TimeStatement.vcxproj", "{084F926A-63EC-446F-A84A-FD25C1FB9E48}"
EndProject
Project("{8BC9CEB8-8B4A-11D0-8D11-00A0C91BC942}") = "SRM 271 DIV 2 Level One (250)", "SRM 271 DIV 2 Level One (250)\SRM 271 DIV 2 Level One (250).vcxproj", "{412DC731-A0CA-438E-A6CA-EA12013698F2}"
EndProject
Project("{8BC9CEB8-8B4A-11D0-8D11-00A0C91BC942}") = "SRM 271 DIV 2 Level Three (1000) (DIV 1 Level One 250)", "SRM DIV 2 Level Three (1000) (DIV 1 Level One 250)\SRM DIV 2 Level Three (1000) (DIV 1 Level One 250).vcxproj", "{8F81889A-3AED-4224-9C96-46CAEF3830D9}"
EndProject
Project("{8BC9CEB8-8B4A-11D0-8D11-00A0C91BC942}") = "SRM 557 DIV 2 Level One (250)", "SRM 557 DIV 2 Level One (250)\SRM 557 DIV 2 Level One.vcxproj", "{9B98578F-7B43-4BC3-9207-6CBC3F482994}"
EndProject
Project("{8BC9CEB8-8B4A-11D0-8D11-00A0C91BC942}") = "SRM 571 DIV 2 Level One (250)", "SRM 571 DIV 2 Level One (250)\SRM 571 DIV 2 Level One.vcxproj", "{A322C484-FF75-42F0-BC2D-40A94E440216}"
EndProject
Project("{8BC9CEB8-8B4A-11D0-8D11-00A0C91BC942}") = "SRM 572 DIV 2 Level One (250)", "SRM 572 DIV 2 Level One (250)\SRM 572 DIV 2 Problem One.vcxproj", "{EFB87C35-1739-4C52-BF88-23C9F165F075}"
EndProject
Project("{8BC9CEB8-8B4A-11D0-8D11-00A0C91BC942}") = "SRM 573 DIV 2 Level One (250)", "SRM 573 DIV 2 Level One (250)\SRM 573 DIV 2 level one.vcxproj", "{AB0C0320-1B6F-4F93-B085-B022C79633EC}"
EndProject
Project("{8BC9CEB8-8B4A-11D0-8D11-00A0C91BC942}") = "SRM 181 DIV 2 Level One (250)", "SRM 181 DIV 2 Level One (250)\SRM 181 DIV 2 Level One (250).vcxproj", "{52A446C2-4D5D-41E4-8954-AFDF460499AE}"
EndProject
Project("{8BC9CEB8-8B4A-11D0-8D11-00A0C91BC942}") = "SRM 318 DIV 2 Level One (250)", "SRM 318 DIV 2 Level One (250)\SRM 318 DIV 2 Level One (250).vcxproj", "{58272383-636B-4E72-A34F-15AD670C2A14}"
EndProject
Project("{8BC9CEB8-8B4A-11D0-8D11-00A0C91BC942}") = "SRM 480 DIV 2 Level One (250)", "SRM 480 DIV 2 Level One (250)\SRM 480 DIV 2 Level One (250).vcxproj", "{0D4A1CD6-D012-4D51-8DE8-5C1A379B8DF0}"
EndProject
Project("{8BC9CEB8-8B4A-11D0-8D11-00A0C91BC942}") = "SRM 308 DIV 2 Level One (250)", "SRM 308 DIV 2 Level One (250)\SRM 308 DIV 2 Level One (250).vcxproj", "{BD871FC9-80E5-4341-80CC-9330EB63933A}"
EndProject
Project("{8BC9CEB8-8B4A-11D0-8D11-00A0C91BC942}") = "SRM 224 DIV 2 Level One (250)", "SRM 224 DIV 2 Level One (250)\SRM 224 DIV 2 Level One (250).vcxproj", "{E6B9FCE6-9469-40A8-938F-6C585900B369}"
EndProject
Project("{8BC9CEB8-8B4A-11D0-8D11-00A0C91BC942}") = "SRM 283 DIV 2 Level One (250)", "SRM 283 DIV 2 Level One (250)\SRM 283 DIV 2 Level One (250).vcxproj", "{73366D15-A74C-418D-A478-F1507B532C0A}"
EndProject
Project("{8BC9CEB8-8B4A-11D0-8D11-00A0C91BC942}") = "SRM 367 DIV 2 Level One (250)", "SRM 367 DIV 2 Level One (250)\SRM 367 DIV 2 Level One (250).vcxproj", "{BCC30D30-9FBF-4546-9A95-34FB4DE7DC74}"
EndProject
Project("{8BC9CEB8-8B4A-11D0-8D11-00A0C91BC942}") = "SRM 178 DIV 2 Level One (250)", "SRM 178 DIV 2 Level One (250)\SRM 178 DIV 2 Level One (250).vcxproj", "{56BB385A-1947-4D94-9E06-71661640B684}"
EndProject
Project("{8BC9CEB8-8B4A-11D0-8D11-00A0C91BC942}") = "SRM 202 DIV 2 Level One (250)", "SRM 202 DIV 2 Level One (250)\SRM 202 DIV 2 Level One (250).vcxproj", "{9C24D6E5-24CF-4157-824A-B340F62EFD67}"
EndProject
Project("{8BC9CEB8-8B4A-11D0-8D11-00A0C91BC942}") = "SRM 340 DIV 2 Level One (250)", "SRM 340 DIV 2 Level One (250)\SRM 340 DIV 2 Level One (250).vcxproj", "{C2F2D3FE-4C93-4797-ABD6-1DB7DA5A4E48}"
EndProject
Project("{8BC9CEB8-8B4A-11D0-8D11-00A0C91BC942}") = "SRM 505 DIV 2 Level One (250)", "SRM 505 DIV 2 Level One (250)\SRM 505 DIV 2 Level One (250).vcxproj", "{413DFCB2-C441-4982-B1B0-BFB9A24177ED}"
EndProject
Project("{8BC9CEB8-8B4A-11D0-8D11-00A0C91BC942}") = "SRM 164 DIV 2 Level One (250)", "SRM 164 DIV 2 Level One (250)\SRM 164 DIV 2 Level One (250).vcxproj", "{DB3A149A-6193-449A-9B3A-B9B454D2C44F}"
EndProject
Project("{8BC9CEB8-8B4A-11D0-8D11-00A0C91BC942}") = "SRM 238 DIV 2 Level One (250)", "SRM 238 DIV 2 Level One (250)\SRM 238 DIV 2 Level One (250).vcxproj", "{80D16E22-432F-465B-A90A-95D409097C50}"
EndProject
Project("{8BC9CEB8-8B4A-11D0-8D11-00A0C91BC942}") = "SRM 218 DIV 2 Level One (250)", "SRM 218 DIV 2 Level One (250)\SRM 218 DIV 2 Level One (250).vcxproj", "{C4C1B009-E12D-4940-B57D-74DE1C39D589}"
EndProject
Project("{8BC9CEB8-8B4A-11D0-8D11-00A0C91BC942}") = "SRM 109 (199) DIV 2 Level One (250)", "SRM 109 (199) DIV 2 Level One (250)\SRM 109 (199) DIV 2 Level One (250).vcxproj", "{08A02CF4-BBBE-4419-B443-52DD1043EA9F}"
EndProject
Project("{8BC9CEB8-8B4A-11D0-8D11-00A0C91BC942}") = "SRM 442 DIV 2 Level One (250)", "SRM 442 DIV 2 Level One (250)\SRM 442 DIV 2 Level One (250).vcxproj", "{387A6A8B-3FD8-46B4-8EC3-F1F485D4DCDB}"
EndProject
Project("{8BC9CEB8-8B4A-11D0-8D11-00A0C91BC942}") = "SRM 242 DIV 2 Level One (250)", "SRM 242 DIV 2 Level One (250)\SRM 242 DIV 2 Level One (250).vcxproj", "{3C7DD07E-1207-4A02-A9B6-D57B31A115B6}"
EndProject
Project("{8BC9CEB8-8B4A-11D0-8D11-00A0C91BC942}") = "SRM 354 DIV 2 Level One (250)", "SRM 354 DIV 2 Level One (250)\SRM 354 DIV 2 Level One (250).vcxproj", "{0F43D20A-D179-4396-8F48-46C5409A7EB9}"
EndProject
Project("{8BC9CEB8-8B4A-11D0-8D11-00A0C91BC942}") = "SRM 255 DIV 2 Level One (250)", "SRM 255 DIV 2 Level One (250)\SRM 255 DIV 2 Level One (250).vcxproj", "{2EE30CAA-513D-4BB4-8B5B-13F5FFC21C77}"
EndProject
Project("{8BC9CEB8-8B4A-11D0-8D11-00A0C91BC942}") = "SRM 315 DIV 2 LevelOne (250)", "SRM 315 DIV 2 LevelOne (250)\SRM 315 DIV 2 LevelOne (250).vcxproj", "{5E0032F2-9C01-4FA3-B782-8E6371C1B6F7}"
EndProject
Project("{8BC9CEB8-8B4A-11D0-8D11-00A0C91BC942}") = "SRM 448 DIV 2 Level One (250)", "SRM 448 DIV 2 Level One (250)\SRM 448 DIV 2 Level One (250).vcxproj", "{1C5B8D95-1AC5-4BA4-8857-B532317BAF05}"
EndProject
Project("{8BC9CEB8-8B4A-11D0-8D11-00A0C91BC942}") = "SRM 311 DIV 2 Level One (250)", "SRM 311 DIV 2 Level One (250)\SRM 311 DIV 2 Level One (250).vcxproj", "{80D012C4-4F75-46A5-8C80-EF00E50C35EF}"
EndProject
Project("{8BC9CEB8-8B4A-11D0-8D11-00A0C91BC942}") = "SRM 290 DIV 2 Level One (250)", "SRM 290 DIV 2 Level One (250)\SRM 290 DIV 2 Level One (250).vcxproj", "{C402D35B-DFA1-496C-B22B-767FAB66AAA2}"
EndProject
Project("{8BC9CEB8-8B4A-11D0-8D11-00A0C91BC942}") = "SRM 236 DIV 2 Level One (250)", "SRM 236 DIV 2 Level One (250)\SRM 236 DIV 2 Level One (250).vcxproj", "{039FED48-EA4E-4748-8DC4-377A10C9AA90}"
EndProject
Project("{8BC9CEB8-8B4A-11D0-8D11-00A0C91BC942}") = "SRM 316 DIV 2 Level One (250)", "SRM 316 DIV 2 Level One (250)\SRM 316 DIV 2 Level One (250).vcxproj", "{2C3E17D0-37A1-4D41-B57A-231F9F3C5EAE}"
EndProject
Project("{8BC9CEB8-8B4A-11D0-8D11-00A0C91BC942}") = "SRM 170 DIV 2 Level One (250)", "SRM 170 DIV 2 Level One (250)\SRM 170 DIV 2 Level One (250).vcxproj", "{AA679C65-5096-474C-B87B-7991AE740550}"
EndProject
Project("{8BC9CEB8-8B4A-11D0-8D11-00A0C91BC942}") = "SRM 227 DIV 2 Level One (250)", "SRM 227 DIV 2 Level One (250)\SRM 227 DIV 2 Level One (250).vcxproj", "{C05173D2-F262-4CBD-BA94-3244F2A2F064}"
EndProject
Project("{8BC9CEB8-8B4A-11D0-8D11-00A0C91BC942}") = "SRM 210 DIV 2 Level One (250)", "SRM 210 DIV 2 Level One (250)\SRM 210 DIV 2 Level One (250).vcxproj", "{FCFE8AD6-FC9D-4930-994F-DFED3BC69768}"
EndProject
Project("{8BC9CEB8-8B4A-11D0-8D11-00A0C91BC942}") = "SRM 424 DIV 2 Level One (250)", "SRM 424 DIV 2 Level One (250)\SRM 424 DIV 2 Level One (250).vcxproj", "{2270349D-7BB6-47CD-8F48-8452725552AD}"
EndProject
Project("{8BC9CEB8-8B4A-11D0-8D11-00A0C91BC942}") = "SRM 396 DIV 2 Level One (250)", "SRM 396 DIV 2 Level One (250)\SRM 396 DIV 2 Level One (250).vcxproj", "{7A278599-4D37-4DAC-9417-31F867E83126}"
EndProject
Project("{8BC9CEB8-8B4A-11D0-8D11-00A0C91BC942}") = "SRM 171 DIV 2 Level One (250)", "SRM 171 DIV 2 Level One (250)\SRM 171 DIV 2 Level One (250).vcxproj", "{373E2FDA-D14A-40E1-A4CA-20E2C73BD6C7}"
EndProject
Project("{8BC9CEB8-8B4A-11D0-8D11-00A0C91BC942}") = "MegaCoolNumbersEasy", "MegaCoolNumbersEasy\MegaCoolNumbersEasy.vcxproj", "{2CFDB775-2526-4AE5-A8CC-EFB8D7790993}"
EndProject
Project("{8BC9CEB8-8B4A-11D0-8D11-00A0C91BC942}") = "SRM 335 DIV 2 Level One (250)", "SRM 335 DIV 2 Level One (250)\SRM 335 DIV 2 Level One (250).vcxproj", "{D95BA2B3-D6B5-42C9-A8A8-06C3480E0593}"
EndProject
Project("{8BC9CEB8-8B4A-11D0-8D11-00A0C91BC942}") = "SRM 273 DIV 2 Level One (250)", "SRM 273 DIV 2 Level One (250)\SRM 273 DIV 2 Level One (250).vcxproj", "{2762E68B-42C0-4AB1-A803-3C476D748CE3}"
EndProject
Project("{8BC9CEB8-8B4A-11D0-8D11-00A0C91BC942}") = "SRM 547 DIV 2 Level One (250)", "SRM 547 DIV 2 Level One (250)\SRM 547 DIV 2 Level One (250).vcxproj", "{F9756173-FAA4-4D45-86F7-B07E74EC1166}"
EndProject
Project("{8BC9CEB8-8B4A-11D0-8D11-00A0C91BC942}") = "SRM 203 DIV 2 Level One (250)", "SRM 203 DIV 2 Level One (250)\SRM 203 DIV 2 Level One (250).vcxproj", "{ED02E0BA-E731-440F-8A4E-BB40094CA6CD}"
EndProject
Project("{8BC9CEB8-8B4A-11D0-8D11-00A0C91BC942}") = "SRM 514 DIV 2 Level One (250)", "SRM 514 DIV 2 Level One (250)\SRM 514 DIV 2 Level One (250).vcxproj", "{852CCF19-8632-46D2-BD9A-F65ADA193229}"
EndProject
Project("{8BC9CEB8-8B4A-11D0-8D11-00A0C91BC942}") = "SRM 211 DIV 2 Level One (250)", "SRM 211 DIV 2 Level One (250)\SRM 211 DIV 2 Level One (250).vcxproj", "{0C69C181-81FB-465A-9458-00ED01B561C6}"
EndProject
Project("{8BC9CEB8-8B4A-11D0-8D11-00A0C91BC942}") = "SRM 205 DIV 2 Level One (250)", "SRM 205 DIV 2 Level One (250)\SRM 205 DIV 2 Level One (250).vcxproj", "{12BBBC7A-0209-4E7B-AB27-6DEACC6C35CD}"
EndProject
Project("{8BC9CEB8-8B4A-11D0-8D11-00A0C91BC942}") = "SRM 574 DIV 2 Level One (250)", "SRM 574 DIV 2 Level One (250)\SRM 574 DIV 2 Level One (250).vcxproj", "{ED93E2D5-B03F-4F4A-9A5F-7B74C2BD8621}"
EndProject
Project("{8BC9CEB8-8B4A-11D0-8D11-00A0C91BC942}") = "SRM 385 DIV 2 Level One (250)", "SRM 385 DIV 2 Level One (250)\SRM 385 DIV 2 Level One (250).vcxproj", "{765E8E1C-5F9F-48ED-9897-3463E1841E5D}"
EndProject
Project("{8BC9CEB8-8B4A-11D0-8D11-00A0C91BC942}") = "SRM 332 DIV 2 Level One (250)", "SRM 332 DIV 2 Level One (250)\SRM 332 DIV 2 Level One (250).vcxproj", "{F7F851D6-40A0-4CBF-B6D6-4CD9B9EBC50A}"
EndProject
Project("{8BC9CEB8-8B4A-11D0-8D11-00A0C91BC942}") = "SRM 567 DIV 2 Level One (250)", "SRM 567 DIV 2 Level One (250)\SRM 567 DIV 2 Level One (250).vcxproj", "{D7F4492F-7178-4934-AB93-8E7689A17E8E}"
EndProject
Project("{8BC9CEB8-8B4A-11D0-8D11-00A0C91BC942}") = "SRM 536 DIV 2 Level One (250)", "SRM 536 DIV 2 Level One (250)\SRM 536 DIV 2 Level One (250).vcxproj", "{0337FD29-0141-4CBE-BF2F-C28DE0EEE1ED}"
EndProject
Project("{8BC9CEB8-8B4A-11D0-8D11-00A0C91BC942}") = "SRM 408 DIV 2 Level One (250)", "SRM 408 DIV 2 Level One (250)\SRM 408 DIV 2 Level One (250).vcxproj", "{A2445E02-69EB-4F64-985D-AD192624FC8D}"
EndProject
Project("{8BC9CEB8-8B4A-11D0-8D11-00A0C91BC942}") = "SRM 591 DIV 2 Level One (250)", "SRM 591 DIV 2 Level One (250)\SRM 591 DIV 2 Level One (250).vcxproj", "{C0AEBE52-D75D-4AA6-81CB-B23FD80BB7C1}"
EndProject
Project("{8BC9CEB8-8B4A-11D0-8D11-00A0C91BC942}") = "SRM 542 DIV 2 Level One (250)", "SRM 542 DIV 2 Level One (250)\SRM 542 DIV 2 Level One (250).vcxproj", "{4B7E4430-F2D7-402C-A907-C89467CCF2E9}"
EndProject
Project("{8BC9CEB8-8B4A-11D0-8D11-00A0C91BC942}") = "SRM 598 DIV 2 Level One (250)", "SRM 598 DIV 2 Level One (250)\SRM 598 DIV 2 Level One (250).vcxproj", "{3C0C9E4A-842A-495F-947D-0A7CA33CC217}"
EndProject
Project("{8BC9CEB8-8B4A-11D0-8D11-00A0C91BC942}") = "SRM 599 DIV 2 Level One (250)", "SRM 599 DIV 2 Level One (250)\SRM 599 DIV 2 Level One (250).vcxproj", "{00C8B812-FF6F-4A21-A0DD-1960F89B9B8A}"
EndProject
Project("{8BC9CEB8-8B4A-11D0-8D11-00A0C91BC942}") = "SRM 563 DIV 2 Level One (250)", "SRM 563 DIV 2 Level One (250)\SRM 563 DIV 2 Level One (250).vcxproj", "{840A3FD8-6A5D-46CD-B9D9-A3F71D92F2EF}"
EndProject
Project("{8BC9CEB8-8B4A-11D0-8D11-00A0C91BC942}") = "SRM 602 DIV 2 Level One (250)", "SRM 602 DIV 2 Level One (250)\SRM 602 DIV 2 Level One (250).vcxproj", "{ECE92346-7469-4610-AAEF-62A1F11A20F0}"
EndProject
Project("{8BC9CEB8-8B4A-11D0-8D11-00A0C91BC942}") = "SRM 603 DIV 2 Level One (250)", "SRM 603 DIV 2 Level One (250)\SRM 603 DIV 2 Level One (250).vcxproj", "{52E63C3C-D8C7-457C-BA67-168DC8C18A1D}"
EndProject
Project("{8BC9CEB8-8B4A-11D0-8D11-00A0C91BC942}") = "SRM 605 DIV 2 Level One (250)", "SRM 605 DIV 2 Level One (250)\SRM 605 DIV 2 Level One (250).vcxproj", "{3C5CB1F4-EB9B-4CD8-A0F6-F6570CDA4F9D}"
EndProject
Project("{8BC9CEB8-8B4A-11D0-8D11-00A0C91BC942}") = "SRM 588 DIV 2 Level One (250)", "SRM 588 DIV 2 Level One (250)\SRM 588 DIV 2 Level One (250).vcxproj", "{807F0A68-201B-4151-999D-6F416027022F}"
EndProject
Project("{8BC9CEB8-8B4A-11D0-8D11-00A0C91BC942}") = "SRM 587 DIV 2 Level One (250)", "SRM 587 DIV 2 Level One (250)\SRM 587 DIV 2 Level One (250).vcxproj", "{F68F7FC4-F12E-4090-B0AB-39B34DA84DE1}"
EndProject
Project("{8BC9CEB8-8B4A-11D0-8D11-00A0C91BC942}") = "SRM 607 DIV 2 Level One (250)", "SRM 607 DIV 2 Level One (250)\SRM 607 DIV 2 Level One (250).vcxproj", "{28E12745-FDC7-498D-8DF8-2D7384A1CA61}"
EndProject
Global
	GlobalSection(SolutionConfigurationPlatforms) = preSolution
		Debug|Win32 = Debug|Win32
		Release|Win32 = Release|Win32
	EndGlobalSection
	GlobalSection(ProjectConfigurationPlatforms) = postSolution
		{084F926A-63EC-446F-A84A-FD25C1FB9E48}.Debug|Win32.ActiveCfg = Debug|Win32
		{084F926A-63EC-446F-A84A-FD25C1FB9E48}.Debug|Win32.Build.0 = Debug|Win32
		{084F926A-63EC-446F-A84A-FD25C1FB9E48}.Release|Win32.ActiveCfg = Release|Win32
		{084F926A-63EC-446F-A84A-FD25C1FB9E48}.Release|Win32.Build.0 = Release|Win32
		{412DC731-A0CA-438E-A6CA-EA12013698F2}.Debug|Win32.ActiveCfg = Debug|Win32
		{412DC731-A0CA-438E-A6CA-EA12013698F2}.Debug|Win32.Build.0 = Debug|Win32
		{412DC731-A0CA-438E-A6CA-EA12013698F2}.Release|Win32.ActiveCfg = Release|Win32
		{412DC731-A0CA-438E-A6CA-EA12013698F2}.Release|Win32.Build.0 = Release|Win32
		{8F81889A-3AED-4224-9C96-46CAEF3830D9}.Debug|Win32.ActiveCfg = Debug|Win32
		{8F81889A-3AED-4224-9C96-46CAEF3830D9}.Debug|Win32.Build.0 = Debug|Win32
		{8F81889A-3AED-4224-9C96-46CAEF3830D9}.Release|Win32.ActiveCfg = Release|Win32
		{8F81889A-3AED-4224-9C96-46CAEF3830D9}.Release|Win32.Build.0 = Release|Win32
		{9B98578F-7B43-4BC3-9207-6CBC3F482994}.Debug|Win32.ActiveCfg = Debug|Win32
		{9B98578F-7B43-4BC3-9207-6CBC3F482994}.Debug|Win32.Build.0 = Debug|Win32
		{9B98578F-7B43-4BC3-9207-6CBC3F482994}.Release|Win32.ActiveCfg = Release|Win32
		{9B98578F-7B43-4BC3-9207-6CBC3F482994}.Release|Win32.Build.0 = Release|Win32
		{A322C484-FF75-42F0-BC2D-40A94E440216}.Debug|Win32.ActiveCfg = Debug|Win32
		{A322C484-FF75-42F0-BC2D-40A94E440216}.Debug|Win32.Build.0 = Debug|Win32
		{A322C484-FF75-42F0-BC2D-40A94E440216}.Release|Win32.ActiveCfg = Release|Win32
		{A322C484-FF75-42F0-BC2D-40A94E440216}.Release|Win32.Build.0 = Release|Win32
		{EFB87C35-1739-4C52-BF88-23C9F165F075}.Debug|Win32.ActiveCfg = Debug|Win32
		{EFB87C35-1739-4C52-BF88-23C9F165F075}.Debug|Win32.Build.0 = Debug|Win32
		{EFB87C35-1739-4C52-BF88-23C9F165F075}.Release|Win32.ActiveCfg = Release|Win32
		{EFB87C35-1739-4C52-BF88-23C9F165F075}.Release|Win32.Build.0 = Release|Win32
		{AB0C0320-1B6F-4F93-B085-B022C79633EC}.Debug|Win32.ActiveCfg = Debug|Win32
		{AB0C0320-1B6F-4F93-B085-B022C79633EC}.Debug|Win32.Build.0 = Debug|Win32
		{AB0C0320-1B6F-4F93-B085-B022C79633EC}.Release|Win32.ActiveCfg = Release|Win32
		{AB0C0320-1B6F-4F93-B085-B022C79633EC}.Release|Win32.Build.0 = Release|Win32
		{52A446C2-4D5D-41E4-8954-AFDF460499AE}.Debug|Win32.ActiveCfg = Debug|Win32
		{52A446C2-4D5D-41E4-8954-AFDF460499AE}.Debug|Win32.Build.0 = Debug|Win32
		{52A446C2-4D5D-41E4-8954-AFDF460499AE}.Release|Win32.ActiveCfg = Release|Win32
		{52A446C2-4D5D-41E4-8954-AFDF460499AE}.Release|Win32.Build.0 = Release|Win32
		{58272383-636B-4E72-A34F-15AD670C2A14}.Debug|Win32.ActiveCfg = Debug|Win32
		{58272383-636B-4E72-A34F-15AD670C2A14}.Debug|Win32.Build.0 = Debug|Win32
		{58272383-636B-4E72-A34F-15AD670C2A14}.Release|Win32.ActiveCfg = Release|Win32
		{58272383-636B-4E72-A34F-15AD670C2A14}.Release|Win32.Build.0 = Release|Win32
		{0D4A1CD6-D012-4D51-8DE8-5C1A379B8DF0}.Debug|Win32.ActiveCfg = Debug|Win32
		{0D4A1CD6-D012-4D51-8DE8-5C1A379B8DF0}.Debug|Win32.Build.0 = Debug|Win32
		{0D4A1CD6-D012-4D51-8DE8-5C1A379B8DF0}.Release|Win32.ActiveCfg = Release|Win32
		{0D4A1CD6-D012-4D51-8DE8-5C1A379B8DF0}.Release|Win32.Build.0 = Release|Win32
		{BD871FC9-80E5-4341-80CC-9330EB63933A}.Debug|Win32.ActiveCfg = Debug|Win32
		{BD871FC9-80E5-4341-80CC-9330EB63933A}.Debug|Win32.Build.0 = Debug|Win32
		{BD871FC9-80E5-4341-80CC-9330EB63933A}.Release|Win32.ActiveCfg = Release|Win32
		{BD871FC9-80E5-4341-80CC-9330EB63933A}.Release|Win32.Build.0 = Release|Win32
		{E6B9FCE6-9469-40A8-938F-6C585900B369}.Debug|Win32.ActiveCfg = Debug|Win32
		{E6B9FCE6-9469-40A8-938F-6C585900B369}.Debug|Win32.Build.0 = Debug|Win32
		{E6B9FCE6-9469-40A8-938F-6C585900B369}.Release|Win32.ActiveCfg = Release|Win32
		{E6B9FCE6-9469-40A8-938F-6C585900B369}.Release|Win32.Build.0 = Release|Win32
		{73366D15-A74C-418D-A478-F1507B532C0A}.Debug|Win32.ActiveCfg = Debug|Win32
		{73366D15-A74C-418D-A478-F1507B532C0A}.Debug|Win32.Build.0 = Debug|Win32
		{73366D15-A74C-418D-A478-F1507B532C0A}.Release|Win32.ActiveCfg = Release|Win32
		{73366D15-A74C-418D-A478-F1507B532C0A}.Release|Win32.Build.0 = Release|Win32
		{BCC30D30-9FBF-4546-9A95-34FB4DE7DC74}.Debug|Win32.ActiveCfg = Debug|Win32
		{BCC30D30-9FBF-4546-9A95-34FB4DE7DC74}.Debug|Win32.Build.0 = Debug|Win32
		{BCC30D30-9FBF-4546-9A95-34FB4DE7DC74}.Release|Win32.ActiveCfg = Release|Win32
		{BCC30D30-9FBF-4546-9A95-34FB4DE7DC74}.Release|Win32.Build.0 = Release|Win32
		{56BB385A-1947-4D94-9E06-71661640B684}.Debug|Win32.ActiveCfg = Debug|Win32
		{56BB385A-1947-4D94-9E06-71661640B684}.Debug|Win32.Build.0 = Debug|Win32
		{56BB385A-1947-4D94-9E06-71661640B684}.Release|Win32.ActiveCfg = Release|Win32
		{56BB385A-1947-4D94-9E06-71661640B684}.Release|Win32.Build.0 = Release|Win32
		{9C24D6E5-24CF-4157-824A-B340F62EFD67}.Debug|Win32.ActiveCfg = Debug|Win32
		{9C24D6E5-24CF-4157-824A-B340F62EFD67}.Debug|Win32.Build.0 = Debug|Win32
		{9C24D6E5-24CF-4157-824A-B340F62EFD67}.Release|Win32.ActiveCfg = Release|Win32
		{9C24D6E5-24CF-4157-824A-B340F62EFD67}.Release|Win32.Build.0 = Release|Win32
		{C2F2D3FE-4C93-4797-ABD6-1DB7DA5A4E48}.Debug|Win32.ActiveCfg = Debug|Win32
		{C2F2D3FE-4C93-4797-ABD6-1DB7DA5A4E48}.Debug|Win32.Build.0 = Debug|Win32
		{C2F2D3FE-4C93-4797-ABD6-1DB7DA5A4E48}.Release|Win32.ActiveCfg = Release|Win32
		{C2F2D3FE-4C93-4797-ABD6-1DB7DA5A4E48}.Release|Win32.Build.0 = Release|Win32
		{413DFCB2-C441-4982-B1B0-BFB9A24177ED}.Debug|Win32.ActiveCfg = Debug|Win32
		{413DFCB2-C441-4982-B1B0-BFB9A24177ED}.Debug|Win32.Build.0 = Debug|Win32
		{413DFCB2-C441-4982-B1B0-BFB9A24177ED}.Release|Win32.ActiveCfg = Release|Win32
		{413DFCB2-C441-4982-B1B0-BFB9A24177ED}.Release|Win32.Build.0 = Release|Win32
		{DB3A149A-6193-449A-9B3A-B9B454D2C44F}.Debug|Win32.ActiveCfg = Debug|Win32
		{DB3A149A-6193-449A-9B3A-B9B454D2C44F}.Debug|Win32.Build.0 = Debug|Win32
		{DB3A149A-6193-449A-9B3A-B9B454D2C44F}.Release|Win32.ActiveCfg = Release|Win32
		{DB3A149A-6193-449A-9B3A-B9B454D2C44F}.Release|Win32.Build.0 = Release|Win32
		{80D16E22-432F-465B-A90A-95D409097C50}.Debug|Win32.ActiveCfg = Debug|Win32
		{80D16E22-432F-465B-A90A-95D409097C50}.Debug|Win32.Build.0 = Debug|Win32
		{80D16E22-432F-465B-A90A-95D409097C50}.Release|Win32.ActiveCfg = Release|Win32
		{80D16E22-432F-465B-A90A-95D409097C50}.Release|Win32.Build.0 = Release|Win32
		{C4C1B009-E12D-4940-B57D-74DE1C39D589}.Debug|Win32.ActiveCfg = Debug|Win32
		{C4C1B009-E12D-4940-B57D-74DE1C39D589}.Debug|Win32.Build.0 = Debug|Win32
		{C4C1B009-E12D-4940-B57D-74DE1C39D589}.Release|Win32.ActiveCfg = Release|Win32
		{C4C1B009-E12D-4940-B57D-74DE1C39D589}.Release|Win32.Build.0 = Release|Win32
		{08A02CF4-BBBE-4419-B443-52DD1043EA9F}.Debug|Win32.ActiveCfg = Debug|Win32
		{08A02CF4-BBBE-4419-B443-52DD1043EA9F}.Debug|Win32.Build.0 = Debug|Win32
		{08A02CF4-BBBE-4419-B443-52DD1043EA9F}.Release|Win32.ActiveCfg = Release|Win32
		{08A02CF4-BBBE-4419-B443-52DD1043EA9F}.Release|Win32.Build.0 = Release|Win32
		{387A6A8B-3FD8-46B4-8EC3-F1F485D4DCDB}.Debug|Win32.ActiveCfg = Debug|Win32
		{387A6A8B-3FD8-46B4-8EC3-F1F485D4DCDB}.Debug|Win32.Build.0 = Debug|Win32
		{387A6A8B-3FD8-46B4-8EC3-F1F485D4DCDB}.Release|Win32.ActiveCfg = Release|Win32
		{387A6A8B-3FD8-46B4-8EC3-F1F485D4DCDB}.Release|Win32.Build.0 = Release|Win32
		{3C7DD07E-1207-4A02-A9B6-D57B31A115B6}.Debug|Win32.ActiveCfg = Debug|Win32
		{3C7DD07E-1207-4A02-A9B6-D57B31A115B6}.Debug|Win32.Build.0 = Debug|Win32
		{3C7DD07E-1207-4A02-A9B6-D57B31A115B6}.Release|Win32.ActiveCfg = Release|Win32
		{3C7DD07E-1207-4A02-A9B6-D57B31A115B6}.Release|Win32.Build.0 = Release|Win32
		{0F43D20A-D179-4396-8F48-46C5409A7EB9}.Debug|Win32.ActiveCfg = Debug|Win32
		{0F43D20A-D179-4396-8F48-46C5409A7EB9}.Debug|Win32.Build.0 = Debug|Win32
		{0F43D20A-D179-4396-8F48-46C5409A7EB9}.Release|Win32.ActiveCfg = Release|Win32
		{0F43D20A-D179-4396-8F48-46C5409A7EB9}.Release|Win32.Build.0 = Release|Win32
		{2EE30CAA-513D-4BB4-8B5B-13F5FFC21C77}.Debug|Win32.ActiveCfg = Debug|Win32
		{2EE30CAA-513D-4BB4-8B5B-13F5FFC21C77}.Debug|Win32.Build.0 = Debug|Win32
		{2EE30CAA-513D-4BB4-8B5B-13F5FFC21C77}.Release|Win32.ActiveCfg = Release|Win32
		{2EE30CAA-513D-4BB4-8B5B-13F5FFC21C77}.Release|Win32.Build.0 = Release|Win32
		{5E0032F2-9C01-4FA3-B782-8E6371C1B6F7}.Debug|Win32.ActiveCfg = Debug|Win32
		{5E0032F2-9C01-4FA3-B782-8E6371C1B6F7}.Debug|Win32.Build.0 = Debug|Win32
		{5E0032F2-9C01-4FA3-B782-8E6371C1B6F7}.Release|Win32.ActiveCfg = Release|Win32
		{5E0032F2-9C01-4FA3-B782-8E6371C1B6F7}.Release|Win32.Build.0 = Release|Win32
		{1C5B8D95-1AC5-4BA4-8857-B532317BAF05}.Debug|Win32.ActiveCfg = Debug|Win32
		{1C5B8D95-1AC5-4BA4-8857-B532317BAF05}.Debug|Win32.Build.0 = Debug|Win32
		{1C5B8D95-1AC5-4BA4-8857-B532317BAF05}.Release|Win32.ActiveCfg = Release|Win32
		{1C5B8D95-1AC5-4BA4-8857-B532317BAF05}.Release|Win32.Build.0 = Release|Win32
		{80D012C4-4F75-46A5-8C80-EF00E50C35EF}.Debug|Win32.ActiveCfg = Debug|Win32
		{80D012C4-4F75-46A5-8C80-EF00E50C35EF}.Debug|Win32.Build.0 = Debug|Win32
		{80D012C4-4F75-46A5-8C80-EF00E50C35EF}.Release|Win32.ActiveCfg = Release|Win32
		{80D012C4-4F75-46A5-8C80-EF00E50C35EF}.Release|Win32.Build.0 = Release|Win32
		{C402D35B-DFA1-496C-B22B-767FAB66AAA2}.Debug|Win32.ActiveCfg = Debug|Win32
		{C402D35B-DFA1-496C-B22B-767FAB66AAA2}.Debug|Win32.Build.0 = Debug|Win32
		{C402D35B-DFA1-496C-B22B-767FAB66AAA2}.Release|Win32.ActiveCfg = Release|Win32
		{C402D35B-DFA1-496C-B22B-767FAB66AAA2}.Release|Win32.Build.0 = Release|Win32
		{039FED48-EA4E-4748-8DC4-377A10C9AA90}.Debug|Win32.ActiveCfg = Debug|Win32
		{039FED48-EA4E-4748-8DC4-377A10C9AA90}.Debug|Win32.Build.0 = Debug|Win32
		{039FED48-EA4E-4748-8DC4-377A10C9AA90}.Release|Win32.ActiveCfg = Release|Win32
		{039FED48-EA4E-4748-8DC4-377A10C9AA90}.Release|Win32.Build.0 = Release|Win32
		{2C3E17D0-37A1-4D41-B57A-231F9F3C5EAE}.Debug|Win32.ActiveCfg = Debug|Win32
		{2C3E17D0-37A1-4D41-B57A-231F9F3C5EAE}.Debug|Win32.Build.0 = Debug|Win32
		{2C3E17D0-37A1-4D41-B57A-231F9F3C5EAE}.Release|Win32.ActiveCfg = Release|Win32
		{2C3E17D0-37A1-4D41-B57A-231F9F3C5EAE}.Release|Win32.Build.0 = Release|Win32
		{AA679C65-5096-474C-B87B-7991AE740550}.Debug|Win32.ActiveCfg = Debug|Win32
		{AA679C65-5096-474C-B87B-7991AE740550}.Debug|Win32.Build.0 = Debug|Win32
		{AA679C65-5096-474C-B87B-7991AE740550}.Release|Win32.ActiveCfg = Release|Win32
		{AA679C65-5096-474C-B87B-7991AE740550}.Release|Win32.Build.0 = Release|Win32
		{C05173D2-F262-4CBD-BA94-3244F2A2F064}.Debug|Win32.ActiveCfg = Debug|Win32
		{C05173D2-F262-4CBD-BA94-3244F2A2F064}.Debug|Win32.Build.0 = Debug|Win32
		{C05173D2-F262-4CBD-BA94-3244F2A2F064}.Release|Win32.ActiveCfg = Release|Win32
		{C05173D2-F262-4CBD-BA94-3244F2A2F064}.Release|Win32.Build.0 = Release|Win32
		{FCFE8AD6-FC9D-4930-994F-DFED3BC69768}.Debug|Win32.ActiveCfg = Debug|Win32
		{FCFE8AD6-FC9D-4930-994F-DFED3BC69768}.Debug|Win32.Build.0 = Debug|Win32
		{FCFE8AD6-FC9D-4930-994F-DFED3BC69768}.Release|Win32.ActiveCfg = Release|Win32
		{FCFE8AD6-FC9D-4930-994F-DFED3BC69768}.Release|Win32.Build.0 = Release|Win32
		{2270349D-7BB6-47CD-8F48-8452725552AD}.Debug|Win32.ActiveCfg = Debug|Win32
		{2270349D-7BB6-47CD-8F48-8452725552AD}.Debug|Win32.Build.0 = Debug|Win32
		{2270349D-7BB6-47CD-8F48-8452725552AD}.Release|Win32.ActiveCfg = Release|Win32
		{2270349D-7BB6-47CD-8F48-8452725552AD}.Release|Win32.Build.0 = Release|Win32
		{7A278599-4D37-4DAC-9417-31F867E83126}.Debug|Win32.ActiveCfg = Debug|Win32
		{7A278599-4D37-4DAC-9417-31F867E83126}.Debug|Win32.Build.0 = Debug|Win32
		{7A278599-4D37-4DAC-9417-31F867E83126}.Release|Win32.ActiveCfg = Release|Win32
		{7A278599-4D37-4DAC-9417-31F867E83126}.Release|Win32.Build.0 = Release|Win32
		{373E2FDA-D14A-40E1-A4CA-20E2C73BD6C7}.Debug|Win32.ActiveCfg = Debug|Win32
		{373E2FDA-D14A-40E1-A4CA-20E2C73BD6C7}.Debug|Win32.Build.0 = Debug|Win32
		{373E2FDA-D14A-40E1-A4CA-20E2C73BD6C7}.Release|Win32.ActiveCfg = Release|Win32
		{373E2FDA-D14A-40E1-A4CA-20E2C73BD6C7}.Release|Win32.Build.0 = Release|Win32
		{2CFDB775-2526-4AE5-A8CC-EFB8D7790993}.Debug|Win32.ActiveCfg = Debug|Win32
		{2CFDB775-2526-4AE5-A8CC-EFB8D7790993}.Debug|Win32.Build.0 = Debug|Win32
		{2CFDB775-2526-4AE5-A8CC-EFB8D7790993}.Release|Win32.ActiveCfg = Release|Win32
		{2CFDB775-2526-4AE5-A8CC-EFB8D7790993}.Release|Win32.Build.0 = Release|Win32
		{D95BA2B3-D6B5-42C9-A8A8-06C3480E0593}.Debug|Win32.ActiveCfg = Debug|Win32
		{D95BA2B3-D6B5-42C9-A8A8-06C3480E0593}.Debug|Win32.Build.0 = Debug|Win32
		{D95BA2B3-D6B5-42C9-A8A8-06C3480E0593}.Release|Win32.ActiveCfg = Release|Win32
		{D95BA2B3-D6B5-42C9-A8A8-06C3480E0593}.Release|Win32.Build.0 = Release|Win32
		{2762E68B-42C0-4AB1-A803-3C476D748CE3}.Debug|Win32.ActiveCfg = Debug|Win32
		{2762E68B-42C0-4AB1-A803-3C476D748CE3}.Debug|Win32.Build.0 = Debug|Win32
		{2762E68B-42C0-4AB1-A803-3C476D748CE3}.Release|Win32.ActiveCfg = Release|Win32
		{2762E68B-42C0-4AB1-A803-3C476D748CE3}.Release|Win32.Build.0 = Release|Win32
		{F9756173-FAA4-4D45-86F7-B07E74EC1166}.Debug|Win32.ActiveCfg = Debug|Win32
		{F9756173-FAA4-4D45-86F7-B07E74EC1166}.Debug|Win32.Build.0 = Debug|Win32
		{F9756173-FAA4-4D45-86F7-B07E74EC1166}.Release|Win32.ActiveCfg = Release|Win32
		{F9756173-FAA4-4D45-86F7-B07E74EC1166}.Release|Win32.Build.0 = Release|Win32
		{ED02E0BA-E731-440F-8A4E-BB40094CA6CD}.Debug|Win32.ActiveCfg = Debug|Win32
		{ED02E0BA-E731-440F-8A4E-BB40094CA6CD}.Debug|Win32.Build.0 = Debug|Win32
		{ED02E0BA-E731-440F-8A4E-BB40094CA6CD}.Release|Win32.ActiveCfg = Release|Win32
		{ED02E0BA-E731-440F-8A4E-BB40094CA6CD}.Release|Win32.Build.0 = Release|Win32
		{852CCF19-8632-46D2-BD9A-F65ADA193229}.Debug|Win32.ActiveCfg = Debug|Win32
		{852CCF19-8632-46D2-BD9A-F65ADA193229}.Debug|Win32.Build.0 = Debug|Win32
		{852CCF19-8632-46D2-BD9A-F65ADA193229}.Release|Win32.ActiveCfg = Release|Win32
		{852CCF19-8632-46D2-BD9A-F65ADA193229}.Release|Win32.Build.0 = Release|Win32
		{0C69C181-81FB-465A-9458-00ED01B561C6}.Debug|Win32.ActiveCfg = Debug|Win32
		{0C69C181-81FB-465A-9458-00ED01B561C6}.Debug|Win32.Build.0 = Debug|Win32
		{0C69C181-81FB-465A-9458-00ED01B561C6}.Release|Win32.ActiveCfg = Release|Win32
		{0C69C181-81FB-465A-9458-00ED01B561C6}.Release|Win32.Build.0 = Release|Win32
		{12BBBC7A-0209-4E7B-AB27-6DEACC6C35CD}.Debug|Win32.ActiveCfg = Debug|Win32
		{12BBBC7A-0209-4E7B-AB27-6DEACC6C35CD}.Debug|Win32.Build.0 = Debug|Win32
		{12BBBC7A-0209-4E7B-AB27-6DEACC6C35CD}.Release|Win32.ActiveCfg = Release|Win32
		{12BBBC7A-0209-4E7B-AB27-6DEACC6C35CD}.Release|Win32.Build.0 = Release|Win32
		{ED93E2D5-B03F-4F4A-9A5F-7B74C2BD8621}.Debug|Win32.ActiveCfg = Debug|Win32
		{ED93E2D5-B03F-4F4A-9A5F-7B74C2BD8621}.Debug|Win32.Build.0 = Debug|Win32
		{ED93E2D5-B03F-4F4A-9A5F-7B74C2BD8621}.Release|Win32.ActiveCfg = Release|Win32
		{ED93E2D5-B03F-4F4A-9A5F-7B74C2BD8621}.Release|Win32.Build.0 = Release|Win32
		{765E8E1C-5F9F-48ED-9897-3463E1841E5D}.Debug|Win32.ActiveCfg = Debug|Win32
		{765E8E1C-5F9F-48ED-9897-3463E1841E5D}.Debug|Win32.Build.0 = Debug|Win32
		{765E8E1C-5F9F-48ED-9897-3463E1841E5D}.Release|Win32.ActiveCfg = Release|Win32
		{765E8E1C-5F9F-48ED-9897-3463E1841E5D}.Release|Win32.Build.0 = Release|Win32
		{F7F851D6-40A0-4CBF-B6D6-4CD9B9EBC50A}.Debug|Win32.ActiveCfg = Debug|Win32
		{F7F851D6-40A0-4CBF-B6D6-4CD9B9EBC50A}.Debug|Win32.Build.0 = Debug|Win32
		{F7F851D6-40A0-4CBF-B6D6-4CD9B9EBC50A}.Release|Win32.ActiveCfg = Release|Win32
		{F7F851D6-40A0-4CBF-B6D6-4CD9B9EBC50A}.Release|Win32.Build.0 = Release|Win32
		{D7F4492F-7178-4934-AB93-8E7689A17E8E}.Debug|Win32.ActiveCfg = Debug|Win32
		{D7F4492F-7178-4934-AB93-8E7689A17E8E}.Debug|Win32.Build.0 = Debug|Win32
		{D7F4492F-7178-4934-AB93-8E7689A17E8E}.Release|Win32.ActiveCfg = Release|Win32
		{D7F4492F-7178-4934-AB93-8E7689A17E8E}.Release|Win32.Build.0 = Release|Win32
		{0337FD29-0141-4CBE-BF2F-C28DE0EEE1ED}.Debug|Win32.ActiveCfg = Debug|Win32
		{0337FD29-0141-4CBE-BF2F-C28DE0EEE1ED}.Debug|Win32.Build.0 = Debug|Win32
		{0337FD29-0141-4CBE-BF2F-C28DE0EEE1ED}.Release|Win32.ActiveCfg = Release|Win32
		{0337FD29-0141-4CBE-BF2F-C28DE0EEE1ED}.Release|Win32.Build.0 = Release|Win32
		{A2445E02-69EB-4F64-985D-AD192624FC8D}.Debug|Win32.ActiveCfg = Debug|Win32
		{A2445E02-69EB-4F64-985D-AD192624FC8D}.Debug|Win32.Build.0 = Debug|Win32
		{A2445E02-69EB-4F64-985D-AD192624FC8D}.Release|Win32.ActiveCfg = Release|Win32
		{A2445E02-69EB-4F64-985D-AD192624FC8D}.Release|Win32.Build.0 = Release|Win32
		{C0AEBE52-D75D-4AA6-81CB-B23FD80BB7C1}.Debug|Win32.ActiveCfg = Debug|Win32
		{C0AEBE52-D75D-4AA6-81CB-B23FD80BB7C1}.Debug|Win32.Build.0 = Debug|Win32
		{C0AEBE52-D75D-4AA6-81CB-B23FD80BB7C1}.Release|Win32.ActiveCfg = Release|Win32
		{C0AEBE52-D75D-4AA6-81CB-B23FD80BB7C1}.Release|Win32.Build.0 = Release|Win32
		{4B7E4430-F2D7-402C-A907-C89467CCF2E9}.Debug|Win32.ActiveCfg = Debug|Win32
		{4B7E4430-F2D7-402C-A907-C89467CCF2E9}.Debug|Win32.Build.0 = Debug|Win32
		{4B7E4430-F2D7-402C-A907-C89467CCF2E9}.Release|Win32.ActiveCfg = Release|Win32
		{4B7E4430-F2D7-402C-A907-C89467CCF2E9}.Release|Win32.Build.0 = Release|Win32
		{3C0C9E4A-842A-495F-947D-0A7CA33CC217}.Debug|Win32.ActiveCfg = Debug|Win32
		{3C0C9E4A-842A-495F-947D-0A7CA33CC217}.Debug|Win32.Build.0 = Debug|Win32
		{3C0C9E4A-842A-495F-947D-0A7CA33CC217}.Release|Win32.ActiveCfg = Release|Win32
		{3C0C9E4A-842A-495F-947D-0A7CA33CC217}.Release|Win32.Build.0 = Release|Win32
		{00C8B812-FF6F-4A21-A0DD-1960F89B9B8A}.Debug|Win32.ActiveCfg = Debug|Win32
		{00C8B812-FF6F-4A21-A0DD-1960F89B9B8A}.Debug|Win32.Build.0 = Debug|Win32
		{00C8B812-FF6F-4A21-A0DD-1960F89B9B8A}.Release|Win32.ActiveCfg = Release|Win32
		{00C8B812-FF6F-4A21-A0DD-1960F89B9B8A}.Release|Win32.Build.0 = Release|Win32
		{840A3FD8-6A5D-46CD-B9D9-A3F71D92F2EF}.Debug|Win32.ActiveCfg = Debug|Win32
		{840A3FD8-6A5D-46CD-B9D9-A3F71D92F2EF}.Debug|Win32.Build.0 = Debug|Win32
		{840A3FD8-6A5D-46CD-B9D9-A3F71D92F2EF}.Release|Win32.ActiveCfg = Release|Win32
		{840A3FD8-6A5D-46CD-B9D9-A3F71D92F2EF}.Release|Win32.Build.0 = Release|Win32
		{ECE92346-7469-4610-AAEF-62A1F11A20F0}.Debug|Win32.ActiveCfg = Debug|Win32
		{ECE92346-7469-4610-AAEF-62A1F11A20F0}.Debug|Win32.Build.0 = Debug|Win32
		{ECE92346-7469-4610-AAEF-62A1F11A20F0}.Release|Win32.ActiveCfg = Release|Win32
		{ECE92346-7469-4610-AAEF-62A1F11A20F0}.Release|Win32.Build.0 = Release|Win32
		{52E63C3C-D8C7-457C-BA67-168DC8C18A1D}.Debug|Win32.ActiveCfg = Debug|Win32
		{52E63C3C-D8C7-457C-BA67-168DC8C18A1D}.Debug|Win32.Build.0 = Debug|Win32
		{52E63C3C-D8C7-457C-BA67-168DC8C18A1D}.Release|Win32.ActiveCfg = Release|Win32
		{52E63C3C-D8C7-457C-BA67-168DC8C18A1D}.Release|Win32.Build.0 = Release|Win32
		{3C5CB1F4-EB9B-4CD8-A0F6-F6570CDA4F9D}.Debug|Win32.ActiveCfg = Debug|Win32
		{3C5CB1F4-EB9B-4CD8-A0F6-F6570CDA4F9D}.Debug|Win32.Build.0 = Debug|Win32
		{3C5CB1F4-EB9B-4CD8-A0F6-F6570CDA4F9D}.Release|Win32.ActiveCfg = Release|Win32
		{3C5CB1F4-EB9B-4CD8-A0F6-F6570CDA4F9D}.Release|Win32.Build.0 = Release|Win32
		{807F0A68-201B-4151-999D-6F416027022F}.Debug|Win32.ActiveCfg = Debug|Win32
		{807F0A68-201B-4151-999D-6F416027022F}.Debug|Win32.Build.0 = Debug|Win32
		{807F0A68-201B-4151-999D-6F416027022F}.Release|Win32.ActiveCfg = Release|Win32
		{807F0A68-201B-4151-999D-6F416027022F}.Release|Win32.Build.0 = Release|Win32
		{F68F7FC4-F12E-4090-B0AB-39B34DA84DE1}.Debug|Win32.ActiveCfg = Debug|Win32
		{F68F7FC4-F12E-4090-B0AB-39B34DA84DE1}.Debug|Win32.Build.0 = Debug|Win32
		{F68F7FC4-F12E-4090-B0AB-39B34DA84DE1}.Release|Win32.ActiveCfg = Release|Win32
		{F68F7FC4-F12E-4090-B0AB-39B34DA84DE1}.Release|Win32.Build.0 = Release|Win32
		{28E12745-FDC7-498D-8DF8-2D7384A1CA61}.Debug|Win32.ActiveCfg = Debug|Win32
		{28E12745-FDC7-498D-8DF8-2D7384A1CA61}.Debug|Win32.Build.0 = Debug|Win32
		{28E12745-FDC7-498D-8DF8-2D7384A1CA61}.Release|Win32.ActiveCfg = Release|Win32
		{28E12745-FDC7-498D-8DF8-2D7384A1CA61}.Release|Win32.Build.0 = Release|Win32
	EndGlobalSection
	GlobalSection(SolutionProperties) = preSolution
		HideSolutionNode = FALSE
	EndGlobalSection
EndGlobal
